
Microsoft Visual Studio Solution File, Format Version 12.00
# Visual Studio 15
VisualStudioVersion = 15.0.28307.421
MinimumVisualStudioVersion = 10.0.40219.1
Project("{9A19103F-16F7-4668-BE54-9A1E7A4F7556}") = "leetcode", "leetcode\leetcode.csproj", "{A982C89F-5F95-4A4F-8835-CEE8A2228970}"
EndProject
Project("{2150E333-8FDC-42A3-9474-1A3956D46DE8}") = "Solution Items", "Solution Items", "{4780502F-35A7-4056-9117-283F679D44AE}"
EndProject
Global
	GlobalSection(SolutionConfigurationPlatforms) = preSolution
		Debug|Any CPU = Debug|Any CPU
		Release|Any CPU = Release|Any CPU
	EndGlobalSection
	GlobalSection(ProjectConfigurationPlatforms) = postSolution
		{A982C89F-5F95-4A4F-8835-CEE8A2228970}.Debug|Any CPU.ActiveCfg = Debug|Any CPU
		{A982C89F-5F95-4A4F-8835-CEE8A2228970}.Debug|Any CPU.Build.0 = Debug|Any CPU
		{A982C89F-5F95-4A4F-8835-CEE8A2228970}.Release|Any CPU.ActiveCfg = Release|Any CPU
		{A982C89F-5F95-4A4F-8835-CEE8A2228970}.Release|Any CPU.Build.0 = Release|Any CPU
	EndGlobalSection
	GlobalSection(SolutionProperties) = preSolution
		HideSolutionNode = FALSE
	EndGlobalSection
	GlobalSection(ExtensibilityGlobals) = postSolution
		SolutionGuid = {CBFD2D63-1701-41F1-BDBC-CDD08B2616CC}
	EndGlobalSection
EndGlobal
